github.com/unixlinuxgeek/The_Go_Programming_Language_Exercises/ch1/fetch v0.0.0-20231220064909-3ba71d9dac15 h1:+nOKs01wjqNSR7mLWKTbLhm94Ov4NXQEEeGjXOwQ3aA=
github.com/unixlinuxgeek/The_Go_Programming_Language_Exercises/ch1/fetch v0.0.0-20231220064909-3ba71d9dac15/go.mod h1:A9GLRVIBbKO2vKEZjSbb+X8gB+Qm9f5sJ4jDDQ70GPA=
