github.com/unixlinuxgeek/The_Go_Programming_Language_Exercises/ch2/tempconv v0.0.0-20230912111656-829b6057ebfe h1:1OiOmuiKvcx3amPesmUZHye+GajQBuN6EewiEGjQaBM=
github.com/unixlinuxgeek/The_Go_Programming_Language_Exercises/ch2/tempconv v0.0.0-20230912111656-829b6057ebfe/go.mod h1:6d55V9CSv3Wlo6/BX5aEhFNnAmk9KZk+qRHnf6uPes8=
